github.com/google/go-cmp v0.5.5 h1:Khx7svrCpmxxtHBq5j2mp/xVjsi8hQMfNLvJFAlrGgU=
github.com/google/go-cmp v0.5.5/go.mod h1:v8dTdLbMG2kIc/vJvl+f65V22dbkXbowE6jgT/gNBxE=
github.com/k64z/rq v0.0.5 h1:59+VQIOOPuNuKEKLApxDNKkQsPa8iVZZl90JDa4IQv8=
github.com/k64z/rq v0.0.5/go.mod h1:uHxUCBvvoriKk76URvlPD0IUbpUn4IKqA5mAaJNUoCs=
github.com/k64z/rq v0.0.6 h1:s2gBooqwRk0U/7wMGkdxMMRqIJpoQJ/TNKLLoNMiuD8=
github.com/k64z/rq v0.0.6/go.mod h1:uHxUCBvvoriKk76URvlPD0IUbpUn4IKqA5mAaJNUoCs=
github.com/k64z/rq v0.0.7 h1:8WeJ8cy3XV65+336pJ5gX9vwe8Y8P2sxx47PulY5dDc=
github.com/k64z/rq v0.0.7/go.mod h1:uHxUCBvvoriKk76URvlPD0IUbpUn4IKqA5mAaJNUoCs=
golang.org/x/net v0.43.0 h1:lat02VYK2j4aLzMzecihNvTlJNQUq316m2Mr9rnM6YE=
golang.org/x/net v0.43.0/go.mod h1:vhO1fvI4dGsIjh73sWfUVjj3N7CA9WkKJNQm2svM6Jg=
golang.org/x/net v0.44.0 h1:evd8IRDyfNBMBTTY5XRF1vaZlD+EmWx6x8PkhR04H/I=
golang.org/x/net v0.44.0/go.mod h1:ECOoLqd5U3Lhyeyo/QDCEVQ4sNgYsqvCZ722XogGieY=
golang.org/x/xerrors v0.0.0-20191204190536-9bdfabe68543 h1:E7g+9GITq07hpfrRu66IVDexMakfv52eLZ2CXBWiKr4=
golang.org/x/xerrors v0.0.0-20191204190536-9bdfabe68543/go.mod h1:I/5z698sn9Ka8TeJc9MKroUUfqBBauWjQqLJ2OPfmY0=
google.golang.org/protobuf v1.36.8 h1:xHScyCOEuuwZEc6UtSOvPbAT4zRh0xcNRYekJwfqyMc=
google.golang.org/protobuf v1.36.8/go.mod h1:fuxRtAxBytpl4zzqUh6/eyUujkJdNiuEkXntxiD/uRU=
